
Microsoft Visual Studio Solution File, Format Version 12.00
Project("{FAE04EC0-301F-11D3-BF4B-00C04F79EFBC}") = "TrackListLabs", "TrackListLabs\TrackListLabs.csproj", "{506FA65B-97CF-4CC0-AB4F-6B298513F01D}"
EndProject
Global
	GlobalSection(SolutionConfigurationPlatforms) = preSolution
		Debug|Any CPU = Debug|Any CPU
		Release|Any CPU = Release|Any CPU
	EndGlobalSection
	GlobalSection(ProjectConfigurationPlatforms) = postSolution
		{506FA65B-97CF-4CC0-AB4F-6B298513F01D}.Debug|Any CPU.ActiveCfg = Debug|Any CPU
		{506FA65B-97CF-4CC0-AB4F-6B298513F01D}.Debug|Any CPU.Build.0 = Debug|Any CPU
		{506FA65B-97CF-4CC0-AB4F-6B298513F01D}.Release|Any CPU.ActiveCfg = Release|Any CPU
		{506FA65B-97CF-4CC0-AB4F-6B298513F01D}.Release|Any CPU.Build.0 = Release|Any CPU
	EndGlobalSection
EndGlobal
